
Microsoft Visual Studio Solution File, Format Version 12.00
# Visual Studio Version 17
VisualStudioVersion = 17.6.33815.320
MinimumVisualStudioVersion = 10.0.40219.1
Project("{FAE04EC0-301F-11D3-BF4B-00C04F79EFBC}") = "KiselevISP34", "KiselevISP34.csproj", "{FFA6309C-3D8D-402F-B239-6A13B4C5FA1A}"
EndProject
Global
	GlobalSection(SolutionConfigurationPlatforms) = preSolution
		Debug|Any CPU = Debug|Any CPU
		Release|Any CPU = Release|Any CPU
	EndGlobalSection
	GlobalSection(ProjectConfigurationPlatforms) = postSolution
		{FFA6309C-3D8D-402F-B239-6A13B4C5FA1A}.Debug|Any CPU.ActiveCfg = Debug|Any CPU
		{FFA6309C-3D8D-402F-B239-6A13B4C5FA1A}.Debug|Any CPU.Build.0 = Debug|Any CPU
		{FFA6309C-3D8D-402F-B239-6A13B4C5FA1A}.Release|Any CPU.ActiveCfg = Release|Any CPU
		{FFA6309C-3D8D-402F-B239-6A13B4C5FA1A}.Release|Any CPU.Build.0 = Release|Any CPU
	EndGlobalSection
	GlobalSection(SolutionProperties) = preSolution
		HideSolutionNode = FALSE
	EndGlobalSection
	GlobalSection(ExtensibilityGlobals) = postSolution
		SolutionGuid = {EC1D6668-9ACD-4643-996F-D9F880649E26}
	EndGlobalSection
EndGlobal
